{
	"name": "semantic-tokens-sample",
	"version": "0.0.1",
	"lockfileVersion": 2,
	"requires": true,
	"packages": {
		"": {
			"name": "semantic-tokens-sample",
			"version": "0.0.1",
			"license": "MIT",
			"devDependencies": {
				"@types/node": "^16.18.34",
				"@types/vscode": "^1.73.0",
				"vscode-uri": "^3.0.2"
			},
			"engines": {
				"vscode": "^1.74.0"
			}
		},
		"node_modules/@types/node": {
			"version": "16.18.34",
			"resolved": "https://registry.npmjs.org/@types/node/-/node-16.18.34.tgz",
			"integrity": "sha512-VmVm7gXwhkUimRfBwVI1CHhwp86jDWR04B5FGebMMyxV90SlCmFujwUHrxTD4oO+SOYU86SoxvhgeRQJY7iXFg==",
			"dev": true
		},
		"node_modules/@types/vscode": {
			"version": "1.73.1",
			"resolved": "https://registry.npmjs.org/@types/vscode/-/vscode-1.73.1.tgz",
			"integrity": "sha512-eArfOrAoZVV+Ao9zQOCaFNaeXj4kTCD+bGS2gyNgIFZH9xVMuLMlRrEkhb22NyxycFWKV1UyTh03vhaVHmqVMg==",
			"dev": true
		},
		"node_modules/vscode-uri": {
			"version": "3.0.8",
			"resolved": "https://registry.npmjs.org/vscode-uri/-/vscode-uri-3.0.8.tgz",
			"integrity": "sha512-AyFQ0EVmsOZOlAnxoFOGOq1SQDWAB7C6aqMGS23svWAllfOaxbuFvcT8D1i8z3Gyn8fraVeZNNmN6e9bxxXkKw==",
			"dev": true
		}
	},
	"dependencies": {
		"@types/node": {
			"version": "16.18.34",
			"resolved": "https://registry.npmjs.org/@types/node/-/node-16.18.34.tgz",
			"integrity": "sha512-VmVm7gXwhkUimRfBwVI1CHhwp86jDWR04B5FGebMMyxV90SlCmFujwUHrxTD4oO+SOYU86SoxvhgeRQJY7iXFg==",
			"dev": true
		},
		"@types/vscode": {
			"version": "1.73.1",
			"resolved": "https://registry.npmjs.org/@types/vscode/-/vscode-1.73.1.tgz",
			"integrity": "sha512-eArfOrAoZVV+Ao9zQOCaFNaeXj4kTCD+bGS2gyNgIFZH9xVMuLMlRrEkhb22NyxycFWKV1UyTh03vhaVHmqVMg==",
			"dev": true
		},
		"vscode-uri": {
			"version": "3.0.8",
			"resolved": "https://registry.npmjs.org/vscode-uri/-/vscode-uri-3.0.8.tgz",
			"integrity": "sha512-AyFQ0EVmsOZOlAnxoFOGOq1SQDWAB7C6aqMGS23svWAllfOaxbuFvcT8D1i8z3Gyn8fraVeZNNmN6e9bxxXkKw==",
			"dev": true
		}
	}
}
